
Microsoft Visual Studio Solution File, Format Version 12.00
# Visual Studio Version 17
VisualStudioVersion = 17.7.34221.43
MinimumVisualStudioVersion = 10.0.40219.1
Project("{9A19103F-16F7-4668-BE54-9A1E7A4F7556}") = "AccountManagement", "AccountManagement.csproj", "{BF7874A0-D72E-4154-B831-4DC238FCF5C8}"
EndProject
Project("{9A19103F-16F7-4668-BE54-9A1E7A4F7556}") = "TestAccountManagement", "..\UnitTest\TestAccountManagement\TestAccountManagement.csproj", "{3633627A-B3BF-4A4E-A219-CFB7C35F5D13}"
EndProject
Global
	GlobalSection(SolutionConfigurationPlatforms) = preSolution
		Debug|Any CPU = Debug|Any CPU
		Release|Any CPU = Release|Any CPU
	EndGlobalSection
	GlobalSection(ProjectConfigurationPlatforms) = postSolution
		{BF7874A0-D72E-4154-B831-4DC238FCF5C8}.Debug|Any CPU.ActiveCfg = Debug|Any CPU
		{BF7874A0-D72E-4154-B831-4DC238FCF5C8}.Debug|Any CPU.Build.0 = Debug|Any CPU
		{BF7874A0-D72E-4154-B831-4DC238FCF5C8}.Release|Any CPU.ActiveCfg = Release|Any CPU
		{BF7874A0-D72E-4154-B831-4DC238FCF5C8}.Release|Any CPU.Build.0 = Release|Any CPU
		{3633627A-B3BF-4A4E-A219-CFB7C35F5D13}.Debug|Any CPU.ActiveCfg = Debug|Any CPU
		{3633627A-B3BF-4A4E-A219-CFB7C35F5D13}.Debug|Any CPU.Build.0 = Debug|Any CPU
		{3633627A-B3BF-4A4E-A219-CFB7C35F5D13}.Release|Any CPU.ActiveCfg = Release|Any CPU
		{3633627A-B3BF-4A4E-A219-CFB7C35F5D13}.Release|Any CPU.Build.0 = Release|Any CPU
	EndGlobalSection
	GlobalSection(SolutionProperties) = preSolution
		HideSolutionNode = FALSE
	EndGlobalSection
	GlobalSection(ExtensibilityGlobals) = postSolution
		SolutionGuid = {5A51C633-AFC2-4222-9CEF-18C4A73E082C}
	EndGlobalSection
EndGlobal
